
Microsoft Visual Studio Solution File, Format Version 11.00
# Visual Studio 2010
Project("{FAE04EC0-301F-11D3-BF4B-00C04F79EFBC}") = "KamkorTachometerApi", "KamkorTachometerApi\KamkorTachometerApi.csproj", "{4698DAF5-2F55-408B-8BFF-E67973C376CD}"
EndProject
Project("{FAE04EC0-301F-11D3-BF4B-00C04F79EFBC}") = "TachometerLFSClient", "TachometerLFSClient\TachometerLFSClient.csproj", "{727670F7-BA61-4741-A346-5D21D2F0B44D}"
EndProject
Global
	GlobalSection(SolutionConfigurationPlatforms) = preSolution
		Debug|Any CPU = Debug|Any CPU
		Debug|Mixed Platforms = Debug|Mixed Platforms
		Debug|x86 = Debug|x86
		Release|Any CPU = Release|Any CPU
		Release|Mixed Platforms = Release|Mixed Platforms
		Release|x86 = Release|x86
	EndGlobalSection
	GlobalSection(ProjectConfigurationPlatforms) = postSolution
		{4698DAF5-2F55-408B-8BFF-E67973C376CD}.Debug|Any CPU.ActiveCfg = Debug|Any CPU
		{4698DAF5-2F55-408B-8BFF-E67973C376CD}.Debug|Any CPU.Build.0 = Debug|Any CPU
		{4698DAF5-2F55-408B-8BFF-E67973C376CD}.Debug|Mixed Platforms.ActiveCfg = Debug|Any CPU
		{4698DAF5-2F55-408B-8BFF-E67973C376CD}.Debug|Mixed Platforms.Build.0 = Debug|Any CPU
		{4698DAF5-2F55-408B-8BFF-E67973C376CD}.Debug|x86.ActiveCfg = Debug|Any CPU
		{4698DAF5-2F55-408B-8BFF-E67973C376CD}.Release|Any CPU.ActiveCfg = Release|Any CPU
		{4698DAF5-2F55-408B-8BFF-E67973C376CD}.Release|Any CPU.Build.0 = Release|Any CPU
		{4698DAF5-2F55-408B-8BFF-E67973C376CD}.Release|Mixed Platforms.ActiveCfg = Release|Any CPU
		{4698DAF5-2F55-408B-8BFF-E67973C376CD}.Release|Mixed Platforms.Build.0 = Release|Any CPU
		{4698DAF5-2F55-408B-8BFF-E67973C376CD}.Release|x86.ActiveCfg = Release|Any CPU
		{727670F7-BA61-4741-A346-5D21D2F0B44D}.Debug|Any CPU.ActiveCfg = Debug|x86
		{727670F7-BA61-4741-A346-5D21D2F0B44D}.Debug|Mixed Platforms.ActiveCfg = Debug|x86
		{727670F7-BA61-4741-A346-5D21D2F0B44D}.Debug|Mixed Platforms.Build.0 = Debug|x86
		{727670F7-BA61-4741-A346-5D21D2F0B44D}.Debug|x86.ActiveCfg = Debug|x86
		{727670F7-BA61-4741-A346-5D21D2F0B44D}.Debug|x86.Build.0 = Debug|x86
		{727670F7-BA61-4741-A346-5D21D2F0B44D}.Release|Any CPU.ActiveCfg = Release|x86
		{727670F7-BA61-4741-A346-5D21D2F0B44D}.Release|Mixed Platforms.ActiveCfg = Release|x86
		{727670F7-BA61-4741-A346-5D21D2F0B44D}.Release|Mixed Platforms.Build.0 = Release|x86
		{727670F7-BA61-4741-A346-5D21D2F0B44D}.Release|x86.ActiveCfg = Release|x86
		{727670F7-BA61-4741-A346-5D21D2F0B44D}.Release|x86.Build.0 = Release|x86
	EndGlobalSection
	GlobalSection(SolutionProperties) = preSolution
		HideSolutionNode = FALSE
	EndGlobalSection
EndGlobal
